
Microsoft Visual Studio Solution File, Format Version 12.00
# Visual Studio Version 17
VisualStudioVersion = 17.5.33424.131
MinimumVisualStudioVersion = 10.0.40219.1
Project("{FAE04EC0-301F-11D3-BF4B-00C04F79EFBC}") = "Task", "Task\Task.csproj", "{83BEB9EB-0542-48B8-BD9C-3FACE3E4D482}"
EndProject
Project("{FAE04EC0-301F-11D3-BF4B-00C04F79EFBC}") = "Domain", "Domain\Domain.csproj", "{05A4DCF5-6A3B-4C7B-8627-CC62B23CF96A}"
EndProject
Project("{FAE04EC0-301F-11D3-BF4B-00C04F79EFBC}") = "application", "application\application.csproj", "{3F4D0B43-A1BD-478D-895C-0920C30DCF1D}"
EndProject
Project("{FAE04EC0-301F-11D3-BF4B-00C04F79EFBC}") = "Infrastructure", "Infrastructure\Infrastructure.csproj", "{5EC15600-CD7E-4816-95BC-DF6B679039A7}"
EndProject
Global
	GlobalSection(SolutionConfigurationPlatforms) = preSolution
		Debug|Any CPU = Debug|Any CPU
		Release|Any CPU = Release|Any CPU
	EndGlobalSection
	GlobalSection(ProjectConfigurationPlatforms) = postSolution
		{83BEB9EB-0542-48B8-BD9C-3FACE3E4D482}.Debug|Any CPU.ActiveCfg = Debug|Any CPU
		{83BEB9EB-0542-48B8-BD9C-3FACE3E4D482}.Debug|Any CPU.Build.0 = Debug|Any CPU
		{83BEB9EB-0542-48B8-BD9C-3FACE3E4D482}.Release|Any CPU.ActiveCfg = Release|Any CPU
		{83BEB9EB-0542-48B8-BD9C-3FACE3E4D482}.Release|Any CPU.Build.0 = Release|Any CPU
		{05A4DCF5-6A3B-4C7B-8627-CC62B23CF96A}.Debug|Any CPU.ActiveCfg = Debug|Any CPU
		{05A4DCF5-6A3B-4C7B-8627-CC62B23CF96A}.Debug|Any CPU.Build.0 = Debug|Any CPU
		{05A4DCF5-6A3B-4C7B-8627-CC62B23CF96A}.Release|Any CPU.ActiveCfg = Release|Any CPU
		{05A4DCF5-6A3B-4C7B-8627-CC62B23CF96A}.Release|Any CPU.Build.0 = Release|Any CPU
		{3F4D0B43-A1BD-478D-895C-0920C30DCF1D}.Debug|Any CPU.ActiveCfg = Debug|Any CPU
		{3F4D0B43-A1BD-478D-895C-0920C30DCF1D}.Debug|Any CPU.Build.0 = Debug|Any CPU
		{3F4D0B43-A1BD-478D-895C-0920C30DCF1D}.Release|Any CPU.ActiveCfg = Release|Any CPU
		{3F4D0B43-A1BD-478D-895C-0920C30DCF1D}.Release|Any CPU.Build.0 = Release|Any CPU
		{5EC15600-CD7E-4816-95BC-DF6B679039A7}.Debug|Any CPU.ActiveCfg = Debug|Any CPU
		{5EC15600-CD7E-4816-95BC-DF6B679039A7}.Debug|Any CPU.Build.0 = Debug|Any CPU
		{5EC15600-CD7E-4816-95BC-DF6B679039A7}.Release|Any CPU.ActiveCfg = Release|Any CPU
		{5EC15600-CD7E-4816-95BC-DF6B679039A7}.Release|Any CPU.Build.0 = Release|Any CPU
	EndGlobalSection
	GlobalSection(SolutionProperties) = preSolution
		HideSolutionNode = FALSE
	EndGlobalSection
	GlobalSection(ExtensibilityGlobals) = postSolution
		SolutionGuid = {1337980F-AD3F-45D1-9656-22E47978DAFE}
	EndGlobalSection
EndGlobal
